
Microsoft Visual Studio Solution File, Format Version 12.00
# Visual Studio Version 16
VisualStudioVersion = 16.0.31105.61
MinimumVisualStudioVersion = 10.0.40219.1
Project("{E24C65DC-7377-472B-9ABA-BC803B73C61A}") = "ftp://ftp.d6089744-91247.srv-hostalia.com", "ftp://ftp.d6089744-91247.srv-hostalia.com", "{312D1DAE-EFE6-419D-9B25-D6429AB75D5A}"
	ProjectSection(WebsiteProperties) = preProject
		TargetFrameworkMoniker = ".NETFramework,Version%3Dv4.0"
		Debug.AspNetCompiler.VirtualPath = "/ftp.d6089744-91247.srv-hostalia.com"
		Debug.AspNetCompiler.PhysicalPath = "..\..\..\AppData\Local\Temp\VWDWebCache\ftp_ftp.d6089744-91247.srv-hostalia.com_f226522.prueba\"
		Debug.AspNetCompiler.TargetPath = "PrecompiledWeb\ftp.d6089744-91247.srv-hostalia.com\"
		Debug.AspNetCompiler.Updateable = "true"
		Debug.AspNetCompiler.ForceOverwrite = "true"
		Debug.AspNetCompiler.FixedNames = "false"
		Debug.AspNetCompiler.Debug = "True"
		Release.AspNetCompiler.VirtualPath = "/ftp.d6089744-91247.srv-hostalia.com"
		Release.AspNetCompiler.PhysicalPath = "..\..\..\AppData\Local\Temp\VWDWebCache\ftp_ftp.d6089744-91247.srv-hostalia.com_f226522.prueba\"
		Release.AspNetCompiler.TargetPath = "PrecompiledWeb\ftp.d6089744-91247.srv-hostalia.com\"
		Release.AspNetCompiler.Updateable = "true"
		Release.AspNetCompiler.ForceOverwrite = "true"
		Release.AspNetCompiler.FixedNames = "false"
		Release.AspNetCompiler.Debug = "False"
	EndProjectSection
EndProject
Global
	GlobalSection(SolutionConfigurationPlatforms) = preSolution
		Debug|Any CPU = Debug|Any CPU
	EndGlobalSection
	GlobalSection(ProjectConfigurationPlatforms) = postSolution
		{312D1DAE-EFE6-419D-9B25-D6429AB75D5A}.Debug|Any CPU.ActiveCfg = Debug|Any CPU
		{312D1DAE-EFE6-419D-9B25-D6429AB75D5A}.Debug|Any CPU.Build.0 = Debug|Any CPU
	EndGlobalSection
	GlobalSection(SolutionProperties) = preSolution
		HideSolutionNode = FALSE
	EndGlobalSection
	GlobalSection(ExtensibilityGlobals) = postSolution
		SolutionGuid = {3488A89C-F1FE-4762-AA05-3344F9340D17}
	EndGlobalSection
EndGlobal
